
Microsoft Visual Studio Solution File, Format Version 12.00
# Visual Studio 2012
Project("{FAE04EC0-301F-11D3-BF4B-00C04F79EFBC}") = "Lab2", "Lab2\Lab2.csproj", "{C6B30BD3-D6D1-48B6-BB10-763D66C28BA2}"
EndProject
Global
	GlobalSection(SolutionConfigurationPlatforms) = preSolution
		Debug|Any CPU = Debug|Any CPU
		Release|Any CPU = Release|Any CPU
	EndGlobalSection
	GlobalSection(ProjectConfigurationPlatforms) = postSolution
		{C6B30BD3-D6D1-48B6-BB10-763D66C28BA2}.Debug|Any CPU.ActiveCfg = Debug|Any CPU
		{C6B30BD3-D6D1-48B6-BB10-763D66C28BA2}.Debug|Any CPU.Build.0 = Debug|Any CPU
		{C6B30BD3-D6D1-48B6-BB10-763D66C28BA2}.Release|Any CPU.ActiveCfg = Release|Any CPU
		{C6B30BD3-D6D1-48B6-BB10-763D66C28BA2}.Release|Any CPU.Build.0 = Release|Any CPU
	EndGlobalSection
EndGlobal
