
Microsoft Visual Studio Solution File, Format Version 12.00
# Visual Studio 15
VisualStudioVersion = 15.0.27428.2043
MinimumVisualStudioVersion = 10.0.40219.1
Project("{FAE04EC0-301F-11D3-BF4B-00C04F79EFBC}") = "MyCalculator", "MyCalculator\MyCalculator.csproj", "{D0FA750B-DC3E-4B58-AF54-FBAA36A08C58}"
EndProject
Project("{FAE04EC0-301F-11D3-BF4B-00C04F79EFBC}") = "MyCalculator.Tests", "MyCalculator.Tests\MyCalculator.Tests.csproj", "{BB2B41D7-AB3E-4ACF-9346-24FC4A11D53D}"
EndProject
Project("{FAE04EC0-301F-11D3-BF4B-00C04F79EFBC}") = "MyCalculator.Wpf", "MyCalculator.Wpf\MyCalculator.Wpf.csproj", "{DE60431F-21B4-43B6-80EA-28B495827A16}"
EndProject
Global
	GlobalSection(SolutionConfigurationPlatforms) = preSolution
		Debug|Any CPU = Debug|Any CPU
		Release|Any CPU = Release|Any CPU
	EndGlobalSection
	GlobalSection(ProjectConfigurationPlatforms) = postSolution
		{D0FA750B-DC3E-4B58-AF54-FBAA36A08C58}.Debug|Any CPU.ActiveCfg = Debug|Any CPU
		{D0FA750B-DC3E-4B58-AF54-FBAA36A08C58}.Debug|Any CPU.Build.0 = Debug|Any CPU
		{D0FA750B-DC3E-4B58-AF54-FBAA36A08C58}.Release|Any CPU.ActiveCfg = Release|Any CPU
		{D0FA750B-DC3E-4B58-AF54-FBAA36A08C58}.Release|Any CPU.Build.0 = Release|Any CPU
		{BB2B41D7-AB3E-4ACF-9346-24FC4A11D53D}.Debug|Any CPU.ActiveCfg = Debug|Any CPU
		{BB2B41D7-AB3E-4ACF-9346-24FC4A11D53D}.Debug|Any CPU.Build.0 = Debug|Any CPU
		{BB2B41D7-AB3E-4ACF-9346-24FC4A11D53D}.Release|Any CPU.ActiveCfg = Release|Any CPU
		{BB2B41D7-AB3E-4ACF-9346-24FC4A11D53D}.Release|Any CPU.Build.0 = Release|Any CPU
		{DE60431F-21B4-43B6-80EA-28B495827A16}.Debug|Any CPU.ActiveCfg = Debug|Any CPU
		{DE60431F-21B4-43B6-80EA-28B495827A16}.Debug|Any CPU.Build.0 = Debug|Any CPU
		{DE60431F-21B4-43B6-80EA-28B495827A16}.Release|Any CPU.ActiveCfg = Release|Any CPU
		{DE60431F-21B4-43B6-80EA-28B495827A16}.Release|Any CPU.Build.0 = Release|Any CPU
	EndGlobalSection
	GlobalSection(SolutionProperties) = preSolution
		HideSolutionNode = FALSE
	EndGlobalSection
	GlobalSection(ExtensibilityGlobals) = postSolution
		SolutionGuid = {C75B65DA-72D2-48E7-9AB5-8D80EE44B4D5}
	EndGlobalSection
EndGlobal
