
Microsoft Visual Studio Solution File, Format Version 12.00
# Visual Studio 15
VisualStudioVersion = 15.0.27428.2043
MinimumVisualStudioVersion = 10.0.40219.1
Project("{FAE04EC0-301F-11D3-BF4B-00C04F79EFBC}") = "ProductsApp", "ProductsApp\ProductsApp.csproj", "{CD45BAAD-FF2C-4E53-B8A0-07AA2C754D75}"
EndProject
Global
	GlobalSection(SolutionConfigurationPlatforms) = preSolution
		Debug|Any CPU = Debug|Any CPU
		Release|Any CPU = Release|Any CPU
	EndGlobalSection
	GlobalSection(ProjectConfigurationPlatforms) = postSolution
		{CD45BAAD-FF2C-4E53-B8A0-07AA2C754D75}.Debug|Any CPU.ActiveCfg = Debug|Any CPU
		{CD45BAAD-FF2C-4E53-B8A0-07AA2C754D75}.Debug|Any CPU.Build.0 = Debug|Any CPU
		{CD45BAAD-FF2C-4E53-B8A0-07AA2C754D75}.Release|Any CPU.ActiveCfg = Release|Any CPU
		{CD45BAAD-FF2C-4E53-B8A0-07AA2C754D75}.Release|Any CPU.Build.0 = Release|Any CPU
	EndGlobalSection
	GlobalSection(SolutionProperties) = preSolution
		HideSolutionNode = FALSE
	EndGlobalSection
	GlobalSection(ExtensibilityGlobals) = postSolution
		SolutionGuid = {4CFEF9FC-5D94-44F1-B4C3-CB7B0FCA1E2D}
	EndGlobalSection
EndGlobal
