
Microsoft Visual Studio Solution File, Format Version 12.00
# Visual Studio 15
VisualStudioVersion = 15.0.27428.2043
MinimumVisualStudioVersion = 10.0.40219.1
Project("{FAE04EC0-301F-11D3-BF4B-00C04F79EFBC}") = "MVCUnitTestingDemo", "MVCUnitTestingDemo\MVCUnitTestingDemo.csproj", "{74CBEA2F-4A78-4704-8CAF-4021C5393E82}"
EndProject
Project("{FAE04EC0-301F-11D3-BF4B-00C04F79EFBC}") = "MVCUnitTestingDemo.Tests", "MVCUnitTestingDemo.Tests\MVCUnitTestingDemo.Tests.csproj", "{12AF7448-702B-42B9-ABF9-F06B0E9B1024}"
EndProject
Global
	GlobalSection(SolutionConfigurationPlatforms) = preSolution
		Debug|Any CPU = Debug|Any CPU
		Release|Any CPU = Release|Any CPU
	EndGlobalSection
	GlobalSection(ProjectConfigurationPlatforms) = postSolution
		{74CBEA2F-4A78-4704-8CAF-4021C5393E82}.Debug|Any CPU.ActiveCfg = Debug|Any CPU
		{74CBEA2F-4A78-4704-8CAF-4021C5393E82}.Debug|Any CPU.Build.0 = Debug|Any CPU
		{74CBEA2F-4A78-4704-8CAF-4021C5393E82}.Release|Any CPU.ActiveCfg = Release|Any CPU
		{74CBEA2F-4A78-4704-8CAF-4021C5393E82}.Release|Any CPU.Build.0 = Release|Any CPU
		{12AF7448-702B-42B9-ABF9-F06B0E9B1024}.Debug|Any CPU.ActiveCfg = Debug|Any CPU
		{12AF7448-702B-42B9-ABF9-F06B0E9B1024}.Debug|Any CPU.Build.0 = Debug|Any CPU
		{12AF7448-702B-42B9-ABF9-F06B0E9B1024}.Release|Any CPU.ActiveCfg = Release|Any CPU
		{12AF7448-702B-42B9-ABF9-F06B0E9B1024}.Release|Any CPU.Build.0 = Release|Any CPU
	EndGlobalSection
	GlobalSection(SolutionProperties) = preSolution
		HideSolutionNode = FALSE
	EndGlobalSection
	GlobalSection(ExtensibilityGlobals) = postSolution
		SolutionGuid = {D6FA5B32-6654-4C7A-AA62-09D4C76A45DA}
	EndGlobalSection
EndGlobal
